
Microsoft Visual Studio Solution File, Format Version 12.00
# Visual Studio Version 16
VisualStudioVersion = 16.0.31702.278
MinimumVisualStudioVersion = 10.0.40219.1
Project("{FAE04EC0-301F-11D3-BF4B-00C04F79EFBC}") = "Machine.BL", "Machine.BL\Machine.BL.csproj", "{E43FD5C9-BC1B-493E-8A7C-ED9ED1B5CF27}"
EndProject
Project("{2150E333-8FDC-42A3-9474-1A3956D46DE8}") = "Tests", "Tests", "{093BBF3C-22A6-49B1-8300-F6A77CA8E997}"
EndProject
Project("{FAE04EC0-301F-11D3-BF4B-00C04F79EFBC}") = "RiskRatingUnitTest", "Tests\RiskRatingUnitTest\RiskRatingUnitTest.csproj", "{781C1BB9-B718-4BAD-B4EB-7772277FBB6E}"
EndProject
Project("{FAE04EC0-301F-11D3-BF4B-00C04F79EFBC}") = "MachineDescription", "tests\MachineDescription\MachineDescription.csproj", "{7CE54488-D51E-423A-A573-6D7671AA8A75}"
EndProject
Global
	GlobalSection(SolutionConfigurationPlatforms) = preSolution
		Debug|Any CPU = Debug|Any CPU
		Release|Any CPU = Release|Any CPU
	EndGlobalSection
	GlobalSection(ProjectConfigurationPlatforms) = postSolution
		{E43FD5C9-BC1B-493E-8A7C-ED9ED1B5CF27}.Debug|Any CPU.ActiveCfg = Debug|Any CPU
		{E43FD5C9-BC1B-493E-8A7C-ED9ED1B5CF27}.Debug|Any CPU.Build.0 = Debug|Any CPU
		{E43FD5C9-BC1B-493E-8A7C-ED9ED1B5CF27}.Release|Any CPU.ActiveCfg = Release|Any CPU
		{E43FD5C9-BC1B-493E-8A7C-ED9ED1B5CF27}.Release|Any CPU.Build.0 = Release|Any CPU
		{781C1BB9-B718-4BAD-B4EB-7772277FBB6E}.Debug|Any CPU.ActiveCfg = Debug|Any CPU
		{781C1BB9-B718-4BAD-B4EB-7772277FBB6E}.Debug|Any CPU.Build.0 = Debug|Any CPU
		{781C1BB9-B718-4BAD-B4EB-7772277FBB6E}.Release|Any CPU.ActiveCfg = Release|Any CPU
		{781C1BB9-B718-4BAD-B4EB-7772277FBB6E}.Release|Any CPU.Build.0 = Release|Any CPU
		{7CE54488-D51E-423A-A573-6D7671AA8A75}.Debug|Any CPU.ActiveCfg = Debug|Any CPU
		{7CE54488-D51E-423A-A573-6D7671AA8A75}.Debug|Any CPU.Build.0 = Debug|Any CPU
		{7CE54488-D51E-423A-A573-6D7671AA8A75}.Release|Any CPU.ActiveCfg = Release|Any CPU
		{7CE54488-D51E-423A-A573-6D7671AA8A75}.Release|Any CPU.Build.0 = Release|Any CPU
	EndGlobalSection
	GlobalSection(SolutionProperties) = preSolution
		HideSolutionNode = FALSE
	EndGlobalSection
	GlobalSection(NestedProjects) = preSolution
		{781C1BB9-B718-4BAD-B4EB-7772277FBB6E} = {093BBF3C-22A6-49B1-8300-F6A77CA8E997}
		{7CE54488-D51E-423A-A573-6D7671AA8A75} = {093BBF3C-22A6-49B1-8300-F6A77CA8E997}
	EndGlobalSection
	GlobalSection(ExtensibilityGlobals) = postSolution
		SolutionGuid = {FDA1A3FE-E616-421F-909D-0BFA4F75B658}
	EndGlobalSection
EndGlobal
